<?xml version="1.0"?>
<CONFIG>
  <ProjectOptions>
    <PathDelim Value="\"/>
    <Version Value="7"/>
    <General>
      <Flags>
        <AlwaysBuild Value="False"/>
      </Flags>
      <MainUnit Value="0"/>
      <TargetFileExt Value=".exe"/>
      <Title Value="USBRemover"/>
      <UseAppBundle Value="False"/>
      <Icon Value="0"/>
      <UseXPManifest Value="True"/>
      <ActiveEditorIndexAtStart Value="1"/>
    </General>
    <VersionInfo>
      <UseVersionInfo Value="True"/>
      <AutoIncrementBuild Value="True"/>
      <CurrentVersionNr Value="2"/>
      <CurrentMinorRevNr Value="2"/>
      <CurrentBuildNr Value="533"/>
      <ProjectVersion Value="2.0.0.0"/>
      <CharSet Value="04B0"/>
      <Comments Value="USBRemover GUI Application"/>
      <CompanyName Value="Asha'man"/>
      <FileDescription Value="A GUI frontend to the USBRemover service"/>
      <InternalName Value="usbremover-v2"/>
      <LegalCopyright Value="Asha'man"/>
      <LegalTrademarks Value="Asha'man"/>
      <OriginalFilename Value="Usbremover"/>
      <ProductName Value="USBRemover Application"/>
    </VersionInfo>
    <PublishOptions>
      <Version Value="2"/>
      <IgnoreBinaries Value="False"/>
      <IncludeFileFilter Value="*.(pas|pp|inc|lfm|lpr|lrs|lpi|lpk|sh|xml)"/>
      <ExcludeFileFilter Value="*.(bak|ppu|ppw|o|so);*~;backup"/>
    </PublishOptions>
    <RunParams>
      <local>
        <FormatVersion Value="1"/>
        <LaunchingApplication PathPlusParams="/usr/X11R6/bin/xterm -T 'Lazarus Run Output' -e $(LazarusDir)/tools/runwait.sh $(TargetCmdLine)"/>
      </local>
    </RunParams>
    <RequiredPackages Count="1">
      <Item1>
        <PackageName Value="LCL"/>
      </Item1>
    </RequiredPackages>
    <Units Count="33">
      <Unit0>
        <Filename Value="USBRemover.lpr"/>
        <IsPartOfProject Value="True"/>
        <UnitName Value="USBRemover"/>
        <CursorPos X="16" Y="15"/>
        <TopLine Value="4"/>
        <UsageCount Value="87"/>
      </Unit0>
      <Unit1>
        <Filename Value="Main.pas"/>
        <ComponentName Value="Form1"/>
        <ResourceBaseClass Value="Form"/>
        <UnitName Value="Main"/>
        <CursorPos X="24" Y="23"/>
        <TopLine Value="1"/>
        <UsageCount Value="14"/>
      </Unit1>
      <Unit2>
        <Filename Value="Forms\MainForm.pas"/>
        <IsPartOfProject Value="True"/>
        <ComponentName Value="MainWnd"/>
        <ResourceBaseClass Value="Form"/>
        <UnitName Value="MainForm"/>
        <CursorPos X="32" Y="138"/>
        <TopLine Value="125"/>
        <EditorIndex Value="0"/>
        <UsageCount Value="87"/>
        <Loaded Value="True"/>
      </Unit2>
      <Unit3>
        <Filename Value="C:\Programs_x64\Lazarus\lcl\include\customform.inc"/>
        <CursorPos X="1" Y="761"/>
        <TopLine Value="575"/>
        <UsageCount Value="4"/>
      </Unit3>
      <Unit4>
        <Filename Value="Classes\Settings.pas"/>
        <IsPartOfProject Value="True"/>
        <UnitName Value="Settings"/>
        <CursorPos X="31" Y="11"/>
        <TopLine Value="1"/>
        <UsageCount Value="86"/>
      </Unit4>
      <Unit5>
        <Filename Value="C:\Programs_x64\Lazarus\lcl\include\menuitem.inc"/>
        <CursorPos X="1" Y="77"/>
        <TopLine Value="58"/>
        <UsageCount Value="8"/>
      </Unit5>
      <Unit6>
        <Filename Value="Classes\MainFormController.pas"/>
        <UnitName Value="MainFormController"/>
        <CursorPos X="19" Y="5"/>
        <TopLine Value="1"/>
        <UsageCount Value="14"/>
      </Unit6>
      <Unit7>
        <Filename Value="..\..\Delphi\usbremover\USBRemover.dpr"/>
        <UnitName Value="USBRemover"/>
        <CursorPos X="40" Y="19"/>
        <TopLine Value="1"/>
        <UsageCount Value="4"/>
      </Unit7>
      <Unit8>
        <Filename Value="Classes\Communication.pas"/>
        <IsPartOfProject Value="True"/>
        <UnitName Value="Communication"/>
        <CursorPos X="1" Y="28"/>
        <TopLine Value="22"/>
        <UsageCount Value="82"/>
      </Unit8>
      <Unit9>
        <Filename Value="Classes\Connector.pas"/>
        <IsPartOfProject Value="True"/>
        <UnitName Value="Connector"/>
        <CursorPos X="50" Y="280"/>
        <TopLine Value="276"/>
        <UsageCount Value="81"/>
      </Unit9>
      <Unit10>
        <Filename Value="C:\Programs\Lazarus\fpc\2.2.4\source\rtl\inc\objpash.inc"/>
        <CursorPos X="8" Y="146"/>
        <TopLine Value="135"/>
        <UsageCount Value="7"/>
      </Unit10>
      <Unit11>
        <Filename Value="C:\Programs\Lazarus\fpc\2.2.4\source\rtl\win\wininc\base.inc"/>
        <CursorPos X="6" Y="185"/>
        <TopLine Value="174"/>
        <UsageCount Value="6"/>
      </Unit11>
      <Unit12>
        <Filename Value="C:\Programs\Lazarus\fpc\2.2.4\source\rtl\win\sysosh.inc"/>
        <CursorPos X="3" Y="22"/>
        <TopLine Value="11"/>
        <UsageCount Value="4"/>
      </Unit12>
      <Unit13>
        <Filename Value="C:\Programs\Lazarus\fpc\2.2.4\source\rtl\win\wininc\unifun.inc"/>
        <CursorPos X="10" Y="116"/>
        <TopLine Value="105"/>
        <UsageCount Value="7"/>
      </Unit13>
      <Unit14>
        <Filename Value="C:\Programs\Lazarus\lcl\include\customform.inc"/>
        <CursorPos X="1" Y="694"/>
        <TopLine Value="683"/>
        <UsageCount Value="6"/>
      </Unit14>
      <Unit15>
        <Filename Value="C:\Programs\Lazarus\fpc\2.2.4\source\rtl\win\wininc\func.inc"/>
        <CursorPos X="11" Y="385"/>
        <TopLine Value="374"/>
        <UsageCount Value="4"/>
      </Unit15>
      <Unit16>
        <Filename Value="C:\Programs\Lazarus\fpc\2.2.4\source\rtl\win\wininc\redef.inc"/>
        <CursorPos X="136" Y="773"/>
        <TopLine Value="764"/>
        <UsageCount Value="5"/>
      </Unit16>
      <Unit17>
        <Filename Value="Classes\Device.pas"/>
        <IsPartOfProject Value="True"/>
        <UnitName Value="Device"/>
        <CursorPos X="18" Y="41"/>
        <TopLine Value="90"/>
        <UsageCount Value="66"/>
      </Unit17>
      <Unit18>
        <Filename Value="C:\Programs\Lazarus\fpc\2.2.4\source\rtl\win32\classes.pp"/>
        <UnitName Value="Classes"/>
        <CursorPos X="1" Y="1"/>
        <TopLine Value="14"/>
        <UsageCount Value="4"/>
      </Unit18>
      <Unit19>
        <Filename Value="C:\Programs\Lazarus\fpc\2.2.4\source\rtl\objpas\classes\classesh.inc"/>
        <CursorPos X="3" Y="432"/>
        <TopLine Value="1837"/>
        <UsageCount Value="4"/>
      </Unit19>
      <Unit20>
        <Filename Value="C:\Programs\Lazarus\fpc\2.2.4\source\rtl\win\wininc\struct.inc"/>
        <CursorPos X="6" Y="5040"/>
        <TopLine Value="5026"/>
        <UsageCount Value="5"/>
      </Unit20>
      <Unit21>
        <Filename Value="Classes\Process.pas"/>
        <IsPartOfProject Value="True"/>
        <UnitName Value="Process"/>
        <CursorPos X="68" Y="70"/>
        <TopLine Value="10"/>
        <UsageCount Value="66"/>
      </Unit21>
      <Unit22>
        <Filename Value="C:\Programs\Lazarus\fpc\2.2.4\source\rtl\inc\wstringh.inc"/>
        <CursorPos X="3" Y="46"/>
        <TopLine Value="16"/>
        <UsageCount Value="6"/>
      </Unit22>
      <Unit23>
        <Filename Value="C:\Programs\Lazarus\lcl\include\menuitem.inc"/>
        <CursorPos X="1" Y="77"/>
        <TopLine Value="66"/>
        <UsageCount Value="8"/>
      </Unit23>
      <Unit24>
        <Filename Value="C:\Programs_x64\Lazarus\fpc\2.2.4\source\rtl\win\wininc\base.inc"/>
        <CursorPos X="22" Y="71"/>
        <TopLine Value="52"/>
        <UsageCount Value="7"/>
      </Unit24>
      <Unit25>
        <Filename Value="C:\Programs_x64\Lazarus\fpc\2.2.4\source\rtl\inc\systemh.inc"/>
        <CursorPos X="23" Y="88"/>
        <TopLine Value="67"/>
        <UsageCount Value="7"/>
      </Unit25>
      <Unit26>
        <Filename Value="C:\Programs\Lazarus\lcl\dialogs.pp"/>
        <UnitName Value="Dialogs"/>
        <CursorPos X="34" Y="38"/>
        <TopLine Value="27"/>
        <UsageCount Value="8"/>
      </Unit26>
      <Unit27>
        <Filename Value="C:\Programs\Lazarus\lcl\forms.pp"/>
        <UnitName Value="Forms"/>
        <CursorPos X="3" Y="1502"/>
        <TopLine Value="1491"/>
        <UsageCount Value="8"/>
      </Unit27>
      <Unit28>
        <Filename Value="Controllers\MainFormController.pas"/>
        <IsPartOfProject Value="True"/>
        <UnitName Value="MainFormController"/>
        <CursorPos X="37" Y="130"/>
        <TopLine Value="114"/>
        <EditorIndex Value="1"/>
        <UsageCount Value="36"/>
        <Loaded Value="True"/>
      </Unit28>
      <Unit29>
        <Filename Value="C:\Programs\Lazarus\lcl\extctrls.pp"/>
        <UnitName Value="ExtCtrls"/>
        <CursorPos X="54" Y="1146"/>
        <TopLine Value="1135"/>
        <UsageCount Value="9"/>
      </Unit29>
      <Unit30>
        <Filename Value="Forms\BlockedFilesForm.pas"/>
        <IsPartOfProject Value="True"/>
        <ComponentName Value="BlockedFilesWnd"/>
        <ResourceBaseClass Value="Form"/>
        <UnitName Value="BlockedFilesForm"/>
        <CursorPos X="21" Y="7"/>
        <TopLine Value="1"/>
        <UsageCount Value="28"/>
      </Unit30>
      <Unit31>
        <Filename Value="Forms\MainForm.lfm"/>
        <CursorPos X="29" Y="10"/>
        <TopLine Value="1"/>
        <UsageCount Value="10"/>
        <SyntaxHighlighter Value="LFM"/>
      </Unit31>
      <Unit32>
        <Filename Value="C:\Programs\Lazarus\lcl\comctrls.pp"/>
        <UnitName Value="ComCtrls"/>
        <CursorPos X="3" Y="2491"/>
        <TopLine Value="2480"/>
        <UsageCount Value="10"/>
      </Unit32>
    </Units>
    <JumpHistory Count="30" HistoryIndex="29">
      <Position1>
        <Filename Value="Controllers\MainFormController.pas"/>
        <Caret Line="127" Column="1" TopLine="116"/>
      </Position1>
      <Position2>
        <Filename Value="Controllers\MainFormController.pas"/>
        <Caret Line="120" Column="1" TopLine="109"/>
      </Position2>
      <Position3>
        <Filename Value="Controllers\MainFormController.pas"/>
        <Caret Line="121" Column="1" TopLine="110"/>
      </Position3>
      <Position4>
        <Filename Value="Controllers\MainFormController.pas"/>
        <Caret Line="123" Column="1" TopLine="112"/>
      </Position4>
      <Position5>
        <Filename Value="Controllers\MainFormController.pas"/>
        <Caret Line="125" Column="1" TopLine="114"/>
      </Position5>
      <Position6>
        <Filename Value="Controllers\MainFormController.pas"/>
        <Caret Line="129" Column="1" TopLine="118"/>
      </Position6>
      <Position7>
        <Filename Value="Controllers\MainFormController.pas"/>
        <Caret Line="122" Column="46" TopLine="109"/>
      </Position7>
      <Position8>
        <Filename Value="Controllers\MainFormController.pas"/>
        <Caret Line="75" Column="25" TopLine="60"/>
      </Position8>
      <Position9>
        <Filename Value="Controllers\MainFormController.pas"/>
        <Caret Line="67" Column="16" TopLine="55"/>
      </Position9>
      <Position10>
        <Filename Value="Controllers\MainFormController.pas"/>
        <Caret Line="68" Column="1" TopLine="57"/>
      </Position10>
      <Position11>
        <Filename Value="Controllers\MainFormController.pas"/>
        <Caret Line="71" Column="28" TopLine="59"/>
      </Position11>
      <Position12>
        <Filename Value="Controllers\MainFormController.pas"/>
        <Caret Line="70" Column="23" TopLine="61"/>
      </Position12>
      <Position13>
        <Filename Value="Controllers\MainFormController.pas"/>
        <Caret Line="68" Column="1" TopLine="57"/>
      </Position13>
      <Position14>
        <Filename Value="Controllers\MainFormController.pas"/>
        <Caret Line="70" Column="1" TopLine="59"/>
      </Position14>
      <Position15>
        <Filename Value="Controllers\MainFormController.pas"/>
        <Caret Line="122" Column="1" TopLine="111"/>
      </Position15>
      <Position16>
        <Filename Value="Controllers\MainFormController.pas"/>
        <Caret Line="123" Column="1" TopLine="112"/>
      </Position16>
      <Position17>
        <Filename Value="Controllers\MainFormController.pas"/>
        <Caret Line="125" Column="1" TopLine="114"/>
      </Position17>
      <Position18>
        <Filename Value="Controllers\MainFormController.pas"/>
        <Caret Line="127" Column="1" TopLine="116"/>
      </Position18>
      <Position19>
        <Filename Value="Controllers\MainFormController.pas"/>
        <Caret Line="129" Column="1" TopLine="118"/>
      </Position19>
      <Position20>
        <Filename Value="Controllers\MainFormController.pas"/>
        <Caret Line="122" Column="1" TopLine="111"/>
      </Position20>
      <Position21>
        <Filename Value="Controllers\MainFormController.pas"/>
        <Caret Line="123" Column="1" TopLine="112"/>
      </Position21>
      <Position22>
        <Filename Value="Controllers\MainFormController.pas"/>
        <Caret Line="125" Column="1" TopLine="114"/>
      </Position22>
      <Position23>
        <Filename Value="Controllers\MainFormController.pas"/>
        <Caret Line="127" Column="1" TopLine="116"/>
      </Position23>
      <Position24>
        <Filename Value="Controllers\MainFormController.pas"/>
        <Caret Line="129" Column="1" TopLine="118"/>
      </Position24>
      <Position25>
        <Filename Value="Controllers\MainFormController.pas"/>
        <Caret Line="122" Column="1" TopLine="111"/>
      </Position25>
      <Position26>
        <Filename Value="Controllers\MainFormController.pas"/>
        <Caret Line="123" Column="1" TopLine="112"/>
      </Position26>
      <Position27>
        <Filename Value="Controllers\MainFormController.pas"/>
        <Caret Line="125" Column="1" TopLine="114"/>
      </Position27>
      <Position28>
        <Filename Value="Controllers\MainFormController.pas"/>
        <Caret Line="127" Column="1" TopLine="116"/>
      </Position28>
      <Position29>
        <Filename Value="Forms\MainForm.pas"/>
        <Caret Line="138" Column="32" TopLine="125"/>
      </Position29>
      <Position30>
        <Filename Value="Controllers\MainFormController.pas"/>
        <Caret Line="130" Column="37" TopLine="114"/>
      </Position30>
    </JumpHistory>
  </ProjectOptions>
  <CompilerOptions>
    <Version Value="8"/>
    <PathDelim Value="\"/>
    <Target>
      <Filename Value="USBRemover"/>
    </Target>
    <SearchPaths>
      <IncludeFiles Value="$(ProjOutDir)\"/>
      <OtherUnitFiles Value="Forms\;Classes\;Controllers\"/>
    </SearchPaths>
    <CodeGeneration>
      <SmartLinkUnit Value="True"/>
      <Checks>
        <IOChecks Value="True"/>
        <RangeChecks Value="True"/>
        <OverflowChecks Value="True"/>
        <StackChecks Value="True"/>
      </Checks>
      <VerifyObjMethodCallValidity Value="True"/>
    </CodeGeneration>
    <Linking>
      <Debugging>
        <GenerateDebugInfo Value="True"/>
        <UseExternalDbgSyms Value="True"/>
      </Debugging>
      <LinkSmart Value="True"/>
      <Options>
        <Win32>
          <GraphicApplication Value="True"/>
        </Win32>
      </Options>
    </Linking>
    <Other>
      <CompilerPath Value="$(CompPath)"/>
      <CreateMakefileOnBuild Value="True"/>
    </Other>
  </CompilerOptions>
  <Debugging>
    <Watches Count="2">
      <Item1>
        <Expression Value="csThreading"/>
      </Item1>
      <Item2>
        <Expression Value="info"/>
      </Item2>
    </Watches>
    <Exceptions Count="3">
      <Item1>
        <Name Value="EAbort"/>
      </Item1>
      <Item2>
        <Name Value="ECodetoolError"/>
      </Item2>
      <Item3>
        <Name Value="EFOpenError"/>
      </Item3>
    </Exceptions>
  </Debugging>
</CONFIG>
