<?xml version="1.0"?>
<CONFIG>
  <ProjectOptions>
    <PathDelim Value="\"/>
    <Version Value="7"/>
    <General>
      <Flags>
        <AlwaysBuild Value="False"/>
      </Flags>
      <MainUnit Value="0"/>
      <TargetFileExt Value=".exe"/>
      <Title Value="USBRemover"/>
      <UseAppBundle Value="False"/>
      <Icon Value="0"/>
      <UseXPManifest Value="True"/>
      <ActiveEditorIndexAtStart Value="2"/>
    </General>
    <VersionInfo>
      <UseVersionInfo Value="True"/>
      <AutoIncrementBuild Value="True"/>
      <CurrentVersionNr Value="2"/>
      <CurrentMinorRevNr Value="2"/>
      <CurrentBuildNr Value="1001"/>
      <ProjectVersion Value="2.0.0.0"/>
      <Comments Value="USBRemover GUI Application"/>
      <CompanyName Value="Asha'man"/>
      <FileDescription Value="A GUI frontend to the USBRemover service"/>
      <InternalName Value="usbremover-v2"/>
      <LegalCopyright Value="Asha'man"/>
      <LegalTrademarks Value="Asha'man"/>
      <OriginalFilename Value="Usbremover"/>
      <ProductName Value="USBRemover Application"/>
    </VersionInfo>
    <PublishOptions>
      <Version Value="2"/>
      <IgnoreBinaries Value="False"/>
      <IncludeFileFilter Value="*.(pas|pp|inc|lfm|lpr|lrs|lpi|lpk|sh|xml)"/>
      <ExcludeFileFilter Value="*.(bak|ppu|ppw|o|so);*~;backup"/>
    </PublishOptions>
    <RunParams>
      <local>
        <FormatVersion Value="1"/>
        <LaunchingApplication PathPlusParams="/usr/X11R6/bin/xterm -T 'Lazarus Run Output' -e $(LazarusDir)/tools/runwait.sh $(TargetCmdLine)"/>
      </local>
    </RunParams>
    <RequiredPackages Count="1">
      <Item1>
        <PackageName Value="LCL"/>
      </Item1>
    </RequiredPackages>
    <Units Count="50">
      <Unit0>
        <Filename Value="USBRemover.lpr"/>
        <IsPartOfProject Value="True"/>
        <UnitName Value="USBRemover"/>
        <CursorPos X="1" Y="24"/>
        <TopLine Value="1"/>
        <UsageCount Value="105"/>
      </Unit0>
      <Unit1>
        <Filename Value="Main.pas"/>
        <ComponentName Value="Form1"/>
        <ResourceBaseClass Value="Form"/>
        <UnitName Value="Main"/>
        <CursorPos X="24" Y="23"/>
        <TopLine Value="1"/>
        <UsageCount Value="13"/>
      </Unit1>
      <Unit2>
        <Filename Value="Forms\MainForm.pas"/>
        <IsPartOfProject Value="True"/>
        <ComponentName Value="MainWnd"/>
        <ResourceBaseClass Value="Form"/>
        <UnitName Value="MainForm"/>
        <CursorPos X="15" Y="95"/>
        <TopLine Value="93"/>
        <EditorIndex Value="2"/>
        <UsageCount Value="105"/>
        <Loaded Value="True"/>
      </Unit2>
      <Unit3>
        <Filename Value="C:\Programs_x64\Lazarus\lcl\include\customform.inc"/>
        <CursorPos X="1" Y="761"/>
        <TopLine Value="575"/>
        <UsageCount Value="3"/>
      </Unit3>
      <Unit4>
        <Filename Value="Classes\Settings.pas"/>
        <IsPartOfProject Value="True"/>
        <UnitName Value="Settings"/>
        <CursorPos X="1" Y="24"/>
        <TopLine Value="3"/>
        <UsageCount Value="104"/>
      </Unit4>
      <Unit5>
        <Filename Value="C:\Programs_x64\Lazarus\lcl\include\menuitem.inc"/>
        <CursorPos X="1" Y="77"/>
        <TopLine Value="58"/>
        <UsageCount Value="7"/>
      </Unit5>
      <Unit6>
        <Filename Value="Classes\MainFormController.pas"/>
        <UnitName Value="MainFormController"/>
        <CursorPos X="19" Y="5"/>
        <TopLine Value="1"/>
        <UsageCount Value="13"/>
      </Unit6>
      <Unit7>
        <Filename Value="..\..\Delphi\usbremover\USBRemover.dpr"/>
        <UnitName Value="USBRemover"/>
        <CursorPos X="40" Y="19"/>
        <TopLine Value="1"/>
        <UsageCount Value="3"/>
      </Unit7>
      <Unit8>
        <Filename Value="Classes\Communication.pas"/>
        <IsPartOfProject Value="True"/>
        <UnitName Value="Communication"/>
        <CursorPos X="35" Y="113"/>
        <TopLine Value="103"/>
        <UsageCount Value="100"/>
      </Unit8>
      <Unit9>
        <Filename Value="Classes\Connector.pas"/>
        <IsPartOfProject Value="True"/>
        <UnitName Value="Connector"/>
        <CursorPos X="45" Y="370"/>
        <TopLine Value="497"/>
        <UsageCount Value="99"/>
      </Unit9>
      <Unit10>
        <Filename Value="C:\Programs\Lazarus\fpc\2.2.4\source\rtl\inc\objpash.inc"/>
        <CursorPos X="8" Y="146"/>
        <TopLine Value="135"/>
        <UsageCount Value="6"/>
      </Unit10>
      <Unit11>
        <Filename Value="C:\Programs\Lazarus\fpc\2.2.4\source\rtl\win\wininc\base.inc"/>
        <CursorPos X="6" Y="185"/>
        <TopLine Value="174"/>
        <UsageCount Value="5"/>
      </Unit11>
      <Unit12>
        <Filename Value="C:\Programs\Lazarus\fpc\2.2.4\source\rtl\win\sysosh.inc"/>
        <CursorPos X="3" Y="22"/>
        <TopLine Value="11"/>
        <UsageCount Value="3"/>
      </Unit12>
      <Unit13>
        <Filename Value="C:\Programs\Lazarus\fpc\2.2.4\source\rtl\win\wininc\unifun.inc"/>
        <CursorPos X="10" Y="116"/>
        <TopLine Value="105"/>
        <UsageCount Value="6"/>
      </Unit13>
      <Unit14>
        <Filename Value="C:\Programs\Lazarus\lcl\include\customform.inc"/>
        <CursorPos X="31" Y="690"/>
        <TopLine Value="683"/>
        <UsageCount Value="10"/>
      </Unit14>
      <Unit15>
        <Filename Value="C:\Programs\Lazarus\fpc\2.2.4\source\rtl\win\wininc\func.inc"/>
        <CursorPos X="10" Y="944"/>
        <TopLine Value="933"/>
        <UsageCount Value="9"/>
      </Unit15>
      <Unit16>
        <Filename Value="C:\Programs\Lazarus\fpc\2.2.4\source\rtl\win\wininc\redef.inc"/>
        <CursorPos X="136" Y="773"/>
        <TopLine Value="764"/>
        <UsageCount Value="4"/>
      </Unit16>
      <Unit17>
        <Filename Value="Classes\Device.pas"/>
        <IsPartOfProject Value="True"/>
        <UnitName Value="Device"/>
        <CursorPos X="36" Y="59"/>
        <TopLine Value="14"/>
        <UsageCount Value="84"/>
      </Unit17>
      <Unit18>
        <Filename Value="C:\Programs\Lazarus\fpc\2.2.4\source\rtl\win32\classes.pp"/>
        <UnitName Value="Classes"/>
        <CursorPos X="1" Y="1"/>
        <TopLine Value="14"/>
        <UsageCount Value="3"/>
      </Unit18>
      <Unit19>
        <Filename Value="C:\Programs\Lazarus\fpc\2.2.4\source\rtl\objpas\classes\classesh.inc"/>
        <CursorPos X="3" Y="432"/>
        <TopLine Value="1837"/>
        <UsageCount Value="3"/>
      </Unit19>
      <Unit20>
        <Filename Value="C:\Programs\Lazarus\fpc\2.2.4\source\rtl\win\wininc\struct.inc"/>
        <CursorPos X="6" Y="5040"/>
        <TopLine Value="5026"/>
        <UsageCount Value="4"/>
      </Unit20>
      <Unit21>
        <Filename Value="Classes\Process.pas"/>
        <IsPartOfProject Value="True"/>
        <UnitName Value="Process"/>
        <CursorPos X="68" Y="70"/>
        <TopLine Value="10"/>
        <UsageCount Value="84"/>
      </Unit21>
      <Unit22>
        <Filename Value="C:\Programs\Lazarus\fpc\2.2.4\source\rtl\inc\wstringh.inc"/>
        <CursorPos X="3" Y="46"/>
        <TopLine Value="16"/>
        <UsageCount Value="5"/>
      </Unit22>
      <Unit23>
        <Filename Value="C:\Programs\Lazarus\lcl\include\menuitem.inc"/>
        <CursorPos X="1" Y="77"/>
        <TopLine Value="66"/>
        <UsageCount Value="7"/>
      </Unit23>
      <Unit24>
        <Filename Value="C:\Programs_x64\Lazarus\fpc\2.2.4\source\rtl\win\wininc\base.inc"/>
        <CursorPos X="22" Y="71"/>
        <TopLine Value="52"/>
        <UsageCount Value="6"/>
      </Unit24>
      <Unit25>
        <Filename Value="C:\Programs_x64\Lazarus\fpc\2.2.4\source\rtl\inc\systemh.inc"/>
        <CursorPos X="23" Y="88"/>
        <TopLine Value="67"/>
        <UsageCount Value="6"/>
      </Unit25>
      <Unit26>
        <Filename Value="C:\Programs\Lazarus\lcl\dialogs.pp"/>
        <UnitName Value="Dialogs"/>
        <CursorPos X="34" Y="38"/>
        <TopLine Value="27"/>
        <UsageCount Value="7"/>
      </Unit26>
      <Unit27>
        <Filename Value="C:\Programs\Lazarus\lcl\forms.pp"/>
        <UnitName Value="Forms"/>
        <CursorPos X="51" Y="1796"/>
        <TopLine Value="1784"/>
        <UsageCount Value="10"/>
      </Unit27>
      <Unit28>
        <Filename Value="Controllers\MainFormController.pas"/>
        <IsPartOfProject Value="True"/>
        <UnitName Value="MainFormController"/>
        <CursorPos X="13" Y="61"/>
        <TopLine Value="52"/>
        <EditorIndex Value="3"/>
        <UsageCount Value="54"/>
        <Loaded Value="True"/>
      </Unit28>
      <Unit29>
        <Filename Value="C:\Programs\Lazarus\lcl\extctrls.pp"/>
        <UnitName Value="ExtCtrls"/>
        <CursorPos X="14" Y="1182"/>
        <TopLine Value="1171"/>
        <UsageCount Value="9"/>
      </Unit29>
      <Unit30>
        <Filename Value="Forms\BlockedFilesForm.pas"/>
        <IsPartOfProject Value="True"/>
        <ComponentName Value="BlockedFilesWnd"/>
        <ResourceBaseClass Value="Form"/>
        <UnitName Value="BlockedFilesForm"/>
        <CursorPos X="7" Y="58"/>
        <TopLine Value="43"/>
        <EditorIndex Value="1"/>
        <UsageCount Value="46"/>
        <Loaded Value="True"/>
      </Unit30>
      <Unit31>
        <Filename Value="Forms\MainForm.lfm"/>
        <CursorPos X="29" Y="10"/>
        <TopLine Value="1"/>
        <UsageCount Value="9"/>
        <SyntaxHighlighter Value="LFM"/>
      </Unit31>
      <Unit32>
        <Filename Value="C:\Programs\Lazarus\lcl\comctrls.pp"/>
        <UnitName Value="ComCtrls"/>
        <CursorPos X="14" Y="2090"/>
        <TopLine Value="2079"/>
        <UsageCount Value="10"/>
      </Unit32>
      <Unit33>
        <Filename Value="C:\Programs_x64\Lazarus\fpc\2.2.4\source\rtl\win\sysosh.inc"/>
        <CursorPos X="42" Y="19"/>
        <TopLine Value="2"/>
        <UsageCount Value="9"/>
      </Unit33>
      <Unit34>
        <Filename Value="C:\Programs\Lazarus\lcl\include\treeview.inc"/>
        <CursorPos X="1" Y="2235"/>
        <TopLine Value="2224"/>
        <UsageCount Value="9"/>
      </Unit34>
      <Unit35>
        <Filename Value="C:\Programs\Lazarus\fpc\2.2.4\source\packages\winunits-jedi\src\jwawindows.pas"/>
        <UnitName Value="JwaWindows"/>
        <CursorPos X="5" Y="361"/>
        <TopLine Value="350"/>
        <UsageCount Value="9"/>
      </Unit35>
      <Unit36>
        <Filename Value="C:\Programs\Lazarus\fpc\2.2.4\source\packages\winunits-jedi\src\jwasddl.pas"/>
        <UnitName Value="jwasddl"/>
        <CursorPos X="1" Y="1"/>
        <TopLine Value="1"/>
        <UsageCount Value="9"/>
      </Unit36>
      <Unit37>
        <Filename Value="C:\Programs\Lazarus\lcl\include\control.inc"/>
        <CursorPos X="1" Y="2801"/>
        <TopLine Value="2790"/>
        <UsageCount Value="9"/>
      </Unit37>
      <Unit38>
        <Filename Value="C:\Programs\Lazarus\lcl\include\wincontrol.inc"/>
        <CursorPos X="1" Y="6638"/>
        <TopLine Value="6627"/>
        <UsageCount Value="10"/>
      </Unit38>
      <Unit39>
        <Filename Value="C:\Programs\Lazarus\lcl\include\winapih.inc"/>
        <CursorPos X="33" Y="237"/>
        <TopLine Value="233"/>
        <UsageCount Value="9"/>
      </Unit39>
      <Unit40>
        <Filename Value="C:\Programs\Lazarus\lcl\include\winapi.inc"/>
        <CursorPos X="35" Y="895"/>
        <TopLine Value="884"/>
        <UsageCount Value="9"/>
      </Unit40>
      <Unit41>
        <Filename Value="C:\Programs\Lazarus\lcl\interfaces\win32\win32winapi.inc"/>
        <CursorPos X="31" Y="3665"/>
        <TopLine Value="3654"/>
        <UsageCount Value="9"/>
      </Unit41>
      <Unit42>
        <Filename Value="C:\Programs\Lazarus\lcl\interfaces\win32\win32trayicon.inc"/>
        <CursorPos X="1" Y="115"/>
        <TopLine Value="104"/>
        <UsageCount Value="9"/>
      </Unit42>
      <Unit43>
        <Filename Value="C:\Programs\Lazarus\lcl\lmessages.pp"/>
        <UnitName Value="LMessages"/>
        <CursorPos X="3" Y="521"/>
        <TopLine Value="510"/>
        <UsageCount Value="9"/>
      </Unit43>
      <Unit44>
        <Filename Value="C:\Programs\Lazarus\fpc\2.2.4\source\rtl\win\messages.pp"/>
        <UnitName Value="messages"/>
        <CursorPos X="1" Y="1"/>
        <TopLine Value="1"/>
        <UsageCount Value="9"/>
      </Unit44>
      <Unit45>
        <Filename Value="C:\Programs\Lazarus\fpc\2.2.4\source\rtl\win\wininc\messages.inc"/>
        <CursorPos X="6" Y="1289"/>
        <TopLine Value="1281"/>
        <UsageCount Value="9"/>
      </Unit45>
      <Unit46>
        <Filename Value="Controllers\BlockedFilesFormController.pas"/>
        <IsPartOfProject Value="True"/>
        <UnitName Value="BlockedFilesFormController"/>
        <CursorPos X="31" Y="2"/>
        <TopLine Value="1"/>
        <EditorIndex Value="0"/>
        <UsageCount Value="25"/>
        <Loaded Value="True"/>
      </Unit46>
      <Unit47>
        <Filename Value="C:\Programs\Lazarus\fpc\2.2.4\source\rtl\objpas\sysutils\syswideh.inc"/>
        <CursorPos X="20" Y="35"/>
        <TopLine Value="15"/>
        <UsageCount Value="10"/>
      </Unit47>
      <Unit48>
        <Filename Value="C:\Programs\Lazarus\lcl\controls.pp"/>
        <UnitName Value="Controls"/>
        <CursorPos X="15" Y="2281"/>
        <TopLine Value="2281"/>
        <UsageCount Value="10"/>
      </Unit48>
      <Unit49>
        <Filename Value="Controllers\Mediator.pas"/>
        <IsPartOfProject Value="True"/>
        <UnitName Value="Mediator"/>
        <CursorPos X="30" Y="19"/>
        <TopLine Value="11"/>
        <EditorIndex Value="4"/>
        <UsageCount Value="20"/>
        <Loaded Value="True"/>
      </Unit49>
    </Units>
    <JumpHistory Count="30" HistoryIndex="29">
      <Position1>
        <Filename Value="Forms\BlockedFilesForm.pas"/>
        <Caret Line="47" Column="51" TopLine="45"/>
      </Position1>
      <Position2>
        <Filename Value="Controllers\MainFormController.pas"/>
        <Caret Line="314" Column="42" TopLine="303"/>
      </Position2>
      <Position3>
        <Filename Value="Controllers\BlockedFilesFormController.pas"/>
        <Caret Line="128" Column="1" TopLine="118"/>
      </Position3>
      <Position4>
        <Filename Value="Controllers\BlockedFilesFormController.pas"/>
        <Caret Line="134" Column="66" TopLine="113"/>
      </Position4>
      <Position5>
        <Filename Value="Controllers\BlockedFilesFormController.pas"/>
        <Caret Line="121" Column="1" TopLine="110"/>
      </Position5>
      <Position6>
        <Filename Value="Controllers\BlockedFilesFormController.pas"/>
        <Caret Line="123" Column="1" TopLine="112"/>
      </Position6>
      <Position7>
        <Filename Value="Controllers\BlockedFilesFormController.pas"/>
        <Caret Line="125" Column="1" TopLine="114"/>
      </Position7>
      <Position8>
        <Filename Value="Controllers\BlockedFilesFormController.pas"/>
        <Caret Line="127" Column="67" TopLine="116"/>
      </Position8>
      <Position9>
        <Filename Value="Controllers\BlockedFilesFormController.pas"/>
        <Caret Line="121" Column="1" TopLine="110"/>
      </Position9>
      <Position10>
        <Filename Value="Controllers\BlockedFilesFormController.pas"/>
        <Caret Line="127" Column="38" TopLine="110"/>
      </Position10>
      <Position11>
        <Filename Value="Controllers\BlockedFilesFormController.pas"/>
        <Caret Line="121" Column="1" TopLine="110"/>
      </Position11>
      <Position12>
        <Filename Value="Forms\BlockedFilesForm.pas"/>
        <Caret Line="55" Column="35" TopLine="45"/>
      </Position12>
      <Position13>
        <Filename Value="Controllers\BlockedFilesFormController.pas"/>
        <Caret Line="128" Column="33" TopLine="118"/>
      </Position13>
      <Position14>
        <Filename Value="Controllers\MainFormController.pas"/>
        <Caret Line="309" Column="45" TopLine="17"/>
      </Position14>
      <Position15>
        <Filename Value="Controllers\MainFormController.pas"/>
        <Caret Line="100" Column="36" TopLine="305"/>
      </Position15>
      <Position16>
        <Filename Value="Controllers\MainFormController.pas"/>
        <Caret Line="314" Column="1" TopLine="303"/>
      </Position16>
      <Position17>
        <Filename Value="Controllers\MainFormController.pas"/>
        <Caret Line="315" Column="1" TopLine="304"/>
      </Position17>
      <Position18>
        <Filename Value="Forms\MainForm.pas"/>
        <Caret Line="180" Column="1" TopLine="169"/>
      </Position18>
      <Position19>
        <Filename Value="Forms\MainForm.pas"/>
        <Caret Line="181" Column="1" TopLine="170"/>
      </Position19>
      <Position20>
        <Filename Value="Forms\MainForm.pas"/>
        <Caret Line="182" Column="1" TopLine="171"/>
      </Position20>
      <Position21>
        <Filename Value="Controllers\BlockedFilesFormController.pas"/>
        <Caret Line="29" Column="35" TopLine="20"/>
      </Position21>
      <Position22>
        <Filename Value="Forms\BlockedFilesForm.pas"/>
        <Caret Line="56" Column="5" TopLine="35"/>
      </Position22>
      <Position23>
        <Filename Value="Forms\BlockedFilesForm.pas"/>
        <Caret Line="48" Column="1" TopLine="43"/>
      </Position23>
      <Position24>
        <Filename Value="Controllers\BlockedFilesFormController.pas"/>
        <Caret Line="2" Column="12" TopLine="1"/>
      </Position24>
      <Position25>
        <Filename Value="Controllers\MainFormController.pas"/>
        <Caret Line="300" Column="35" TopLine="292"/>
      </Position25>
      <Position26>
        <Filename Value="Forms\MainForm.pas"/>
        <Caret Line="182" Column="1" TopLine="171"/>
      </Position26>
      <Position27>
        <Filename Value="Forms\MainForm.pas"/>
        <Caret Line="179" Column="50" TopLine="168"/>
      </Position27>
      <Position28>
        <Filename Value="Controllers\Mediator.pas"/>
        <Caret Line="25" Column="57" TopLine="7"/>
      </Position28>
      <Position29>
        <Filename Value="Forms\BlockedFilesForm.pas"/>
        <Caret Line="58" Column="5" TopLine="43"/>
      </Position29>
      <Position30>
        <Filename Value="Forms\MainForm.pas"/>
        <Caret Line="179" Column="24" TopLine="168"/>
      </Position30>
    </JumpHistory>
  </ProjectOptions>
  <CompilerOptions>
    <Version Value="8"/>
    <PathDelim Value="\"/>
    <Target>
      <Filename Value="USBRemover"/>
    </Target>
    <SearchPaths>
      <IncludeFiles Value="$(ProjOutDir)\"/>
      <OtherUnitFiles Value="Forms\;Classes\;Controllers\"/>
    </SearchPaths>
    <CodeGeneration>
      <SmartLinkUnit Value="True"/>
      <Checks>
        <IOChecks Value="True"/>
        <RangeChecks Value="True"/>
        <OverflowChecks Value="True"/>
        <StackChecks Value="True"/>
      </Checks>
      <VerifyObjMethodCallValidity Value="True"/>
    </CodeGeneration>
    <Linking>
      <Debugging>
        <GenerateDebugInfo Value="True"/>
        <UseExternalDbgSyms Value="True"/>
      </Debugging>
      <LinkSmart Value="True"/>
      <Options>
        <Win32>
          <GraphicApplication Value="True"/>
        </Win32>
      </Options>
    </Linking>
    <Other>
      <CompilerPath Value="$(CompPath)"/>
      <CreateMakefileOnBuild Value="True"/>
    </Other>
  </CompilerOptions>
  <Debugging>
    <BreakPoints Count="1">
      <Item1>
        <Source Value="Controllers\BlockedFilesFormController.pas"/>
        <Line Value="62"/>
      </Item1>
    </BreakPoints>
    <Watches Count="3">
      <Item1>
        <Expression Value="deviceName"/>
      </Item1>
      <Item2>
        <Expression Value="nameLen"/>
      </Item2>
      <Item3>
        <Expression Value="deviceNameAnsi"/>
      </Item3>
    </Watches>
    <Exceptions Count="3">
      <Item1>
        <Name Value="EAbort"/>
      </Item1>
      <Item2>
        <Name Value="ECodetoolError"/>
      </Item2>
      <Item3>
        <Name Value="EFOpenError"/>
      </Item3>
    </Exceptions>
  </Debugging>
</CONFIG>
